// !$*UTF8*$!
{
	archiveVersion = 1;
	classes = {
	};
	objectVersion = 46;
	objects = {

/* Begin PBXBuildFile section */
		7E37BD301C8B497000F62301 /* AppDelegate.m in Sources */ = {isa = PBXBuildFile; fileRef = 7E37BD2F1C8B497000F62301 /* AppDelegate.m */; };
		7E37BD331C8B497000F62301 /* main.m in Sources */ = {isa = PBXBuildFile; fileRef = 7E37BD321C8B497000F62301 /* main.m */; };
		7E37BD361C8B497000F62301 /* ViewController.m in Sources */ = {isa = PBXBuildFile; fileRef = 7E37BD351C8B497000F62301 /* ViewController.m */; };
		7E37BD381C8B497000F62301 /* Assets.xcassets in Resources */ = {isa = PBXBuildFile; fileRef = 7E37BD371C8B497000F62301 /* Assets.xcassets */; };
		7E37BD3B1C8B497000F62301 /* Main.storyboard in Resources */ = {isa = PBXBuildFile; fileRef = 7E37BD391C8B497000F62301 /* Main.storyboard */; };
		7E37BD661C8BDE7F00F62301 /* libfreetds.a in Frameworks */ = {isa = PBXBuildFile; fileRef = 7E37BD5C1C8BDE7F00F62301 /* libfreetds.a */; };
		7E37BD671C8BDE7F00F62301 /* SQLClient.m in Sources */ = {isa = PBXBuildFile; fileRef = 7E37BD5F1C8BDE7F00F62301 /* SQLClient.m */; };
		7E37BDC71C8D133000F62301 /* libiconv.tbd in Frameworks */ = {isa = PBXBuildFile; fileRef = 7E37BDC61C8D133000F62301 /* libiconv.tbd */; };
/* End PBXBuildFile section */

/* Begin PBXFileReference section */
		7E37BD2B1C8B497000F62301 /* SQLClientMac.app */ = {isa = PBXFileReference; explicitFileType = wrapper.application; includeInIndex = 0; path = SQLClientMac.app; sourceTree = BUILT_PRODUCTS_DIR; };
		7E37BD2E1C8B497000F62301 /* AppDelegate.h */ = {isa = PBXFileReference; lastKnownFileType = sourcecode.c.h; path = AppDelegate.h; sourceTree = "<group>"; };
		7E37BD2F1C8B497000F62301 /* AppDelegate.m */ = {isa = PBXFileReference; lastKnownFileType = sourcecode.c.objc; path = AppDelegate.m; sourceTree = "<group>"; };
		7E37BD321C8B497000F62301 /* main.m */ = {isa = PBXFileReference; lastKnownFileType = sourcecode.c.objc; path = main.m; sourceTree = "<group>"; };
		7E37BD341C8B497000F62301 /* ViewController.h */ = {isa = PBXFileReference; lastKnownFileType = sourcecode.c.h; path = ViewController.h; sourceTree = "<group>"; };
		7E37BD351C8B497000F62301 /* ViewController.m */ = {isa = PBXFileReference; lastKnownFileType = sourcecode.c.objc; path = ViewController.m; sourceTree = "<group>"; };
		7E37BD371C8B497000F62301 /* Assets.xcassets */ = {isa = PBXFileReference; lastKnownFileType = folder.assetcatalog; path = Assets.xcassets; sourceTree = "<group>"; };
		7E37BD3A1C8B497000F62301 /* Base */ = {isa = PBXFileReference; lastKnownFileType = file.storyboard; name = Base; path = Base.lproj/Main.storyboard; sourceTree = "<group>"; };
		7E37BD3C1C8B497000F62301 /* Info.plist */ = {isa = PBXFileReference; lastKnownFileType = text.plist.xml; path = Info.plist; sourceTree = "<group>"; };
		7E37BD581C8BDE7F00F62301 /* bkpublic.h */ = {isa = PBXFileReference; fileEncoding = 4; lastKnownFileType = sourcecode.c.h; path = bkpublic.h; sourceTree = "<group>"; };
		7E37BD591C8BDE7F00F62301 /* cspublic.h */ = {isa = PBXFileReference; fileEncoding = 4; lastKnownFileType = sourcecode.c.h; path = cspublic.h; sourceTree = "<group>"; };
		7E37BD5A1C8BDE7F00F62301 /* cstypes.h */ = {isa = PBXFileReference; fileEncoding = 4; lastKnownFileType = sourcecode.c.h; path = cstypes.h; sourceTree = "<group>"; };
		7E37BD5B1C8BDE7F00F62301 /* ctpublic.h */ = {isa = PBXFileReference; fileEncoding = 4; lastKnownFileType = sourcecode.c.h; path = ctpublic.h; sourceTree = "<group>"; };
		7E37BD5C1C8BDE7F00F62301 /* libfreetds.a */ = {isa = PBXFileReference; lastKnownFileType = archive.ar; path = libfreetds.a; sourceTree = "<group>"; };
		7E37BD5D1C8BDE7F00F62301 /* odbcss.h */ = {isa = PBXFileReference; fileEncoding = 4; lastKnownFileType = sourcecode.c.h; path = odbcss.h; sourceTree = "<group>"; };
		7E37BD5E1C8BDE7F00F62301 /* SQLClient.h */ = {isa = PBXFileReference; fileEncoding = 4; lastKnownFileType = sourcecode.c.h; path = SQLClient.h; sourceTree = "<group>"; };
		7E37BD5F1C8BDE7F00F62301 /* SQLClient.m */ = {isa = PBXFileReference; fileEncoding = 4; lastKnownFileType = sourcecode.c.objc; path = SQLClient.m; sourceTree = "<group>"; };
		7E37BD601C8BDE7F00F62301 /* sqldb.h */ = {isa = PBXFileReference; fileEncoding = 4; lastKnownFileType = sourcecode.c.h; path = sqldb.h; sourceTree = "<group>"; };
		7E37BD611C8BDE7F00F62301 /* sqlfront.h */ = {isa = PBXFileReference; fileEncoding = 4; lastKnownFileType = sourcecode.c.h; path = sqlfront.h; sourceTree = "<group>"; };
		7E37BD621C8BDE7F00F62301 /* sybdb.h */ = {isa = PBXFileReference; fileEncoding = 4; lastKnownFileType = sourcecode.c.h; path = sybdb.h; sourceTree = "<group>"; };
		7E37BD631C8BDE7F00F62301 /* syberror.h */ = {isa = PBXFileReference; fileEncoding = 4; lastKnownFileType = sourcecode.c.h; path = syberror.h; sourceTree = "<group>"; };
		7E37BD641C8BDE7F00F62301 /* sybfront.h */ = {isa = PBXFileReference; fileEncoding = 4; lastKnownFileType = sourcecode.c.h; path = sybfront.h; sourceTree = "<group>"; };
		7E37BD651C8BDE7F00F62301 /* tds_sysdep_public.h */ = {isa = PBXFileReference; fileEncoding = 4; lastKnownFileType = sourcecode.c.h; path = tds_sysdep_public.h; sourceTree = "<group>"; };
		7E37BDC61C8D133000F62301 /* libiconv.tbd */ = {isa = PBXFileReference; lastKnownFileType = "sourcecode.text-based-dylib-definition"; name = libiconv.tbd; path = usr/lib/libiconv.tbd; sourceTree = SDKROOT; };
/* End PBXFileReference section */

/* Begin PBXFrameworksBuildPhase section */
		7E37BD281C8B497000F62301 /* Frameworks */ = {
			isa = PBXFrameworksBuildPhase;
			buildActionMask = 2147483647;
			files = (
				7E37BDC71C8D133000F62301 /* libiconv.tbd in Frameworks */,
				7E37BD661C8BDE7F00F62301 /* libfreetds.a in Frameworks */,
			);
			runOnlyForDeploymentPostprocessing = 0;
		};
/* End PBXFrameworksBuildPhase section */

/* Begin PBXGroup section */
		7E37BD221C8B497000F62301 = {
			isa = PBXGroup;
			children = (
				7E37BDC61C8D133000F62301 /* libiconv.tbd */,
				7E37BD2D1C8B497000F62301 /* SQLClientMac */,
				7E37BD2C1C8B497000F62301 /* Products */,
			);
			sourceTree = "<group>";
		};
		7E37BD2C1C8B497000F62301 /* Products */ = {
			isa = PBXGroup;
			children = (
				7E37BD2B1C8B497000F62301 /* SQLClientMac.app */,
			);
			name = Products;
			sourceTree = "<group>";
		};
		7E37BD2D1C8B497000F62301 /* SQLClientMac */ = {
			isa = PBXGroup;
			children = (
				7E37BD571C8BDE7F00F62301 /* SQLClientOSX */,
				7E37BD2E1C8B497000F62301 /* AppDelegate.h */,
				7E37BD2F1C8B497000F62301 /* AppDelegate.m */,
				7E37BD341C8B497000F62301 /* ViewController.h */,
				7E37BD351C8B497000F62301 /* ViewController.m */,
				7E37BD371C8B497000F62301 /* Assets.xcassets */,
				7E37BD391C8B497000F62301 /* Main.storyboard */,
				7E37BD3C1C8B497000F62301 /* Info.plist */,
				7E37BD311C8B497000F62301 /* Supporting Files */,
			);
			path = SQLClientMac;
			sourceTree = "<group>";
		};
		7E37BD311C8B497000F62301 /* Supporting Files */ = {
			isa = PBXGroup;
			children = (
				7E37BD321C8B497000F62301 /* main.m */,
			);
			name = "Supporting Files";
			sourceTree = "<group>";
		};
		7E37BD571C8BDE7F00F62301 /* SQLClientOSX */ = {
			isa = PBXGroup;
			children = (
				7E37BD581C8BDE7F00F62301 /* bkpublic.h */,
				7E37BD591C8BDE7F00F62301 /* cspublic.h */,
				7E37BD5A1C8BDE7F00F62301 /* cstypes.h */,
				7E37BD5B1C8BDE7F00F62301 /* ctpublic.h */,
				7E37BD5C1C8BDE7F00F62301 /* libfreetds.a */,
				7E37BD5D1C8BDE7F00F62301 /* odbcss.h */,
				7E37BD5E1C8BDE7F00F62301 /* SQLClient.h */,
				7E37BD5F1C8BDE7F00F62301 /* SQLClient.m */,
				7E37BD601C8BDE7F00F62301 /* sqldb.h */,
				7E37BD611C8BDE7F00F62301 /* sqlfront.h */,
				7E37BD621C8BDE7F00F62301 /* sybdb.h */,
				7E37BD631C8BDE7F00F62301 /* syberror.h */,
				7E37BD641C8BDE7F00F62301 /* sybfront.h */,
				7E37BD651C8BDE7F00F62301 /* tds_sysdep_public.h */,
			);
			path = SQLClientOSX;
			sourceTree = "<group>";
		};
/* End PBXGroup section */

/* Begin PBXNativeTarget section */
		7E37BD2A1C8B497000F62301 /* SQLClientMac */ = {
			isa = PBXNativeTarget;
			buildConfigurationList = 7E37BD3F1C8B497000F62301 /* Build configuration list for PBXNativeTarget "SQLClientMac" */;
			buildPhases = (
				7E37BD271C8B497000F62301 /* Sources */,
				7E37BD281C8B497000F62301 /* Frameworks */,
				7E37BD291C8B497000F62301 /* Resources */,
			);
			buildRules = (
			);
			dependencies = (
			);
			name = SQLClientMac;
			productName = SQLClientMac;
			productReference = 7E37BD2B1C8B497000F62301 /* SQLClientMac.app */;
			productType = "com.apple.product-type.application";
		};
/* End PBXNativeTarget section */

/* Begin PBXProject section */
		7E37BD231C8B497000F62301 /* Project object */ = {
			isa = PBXProject;
			attributes = {
				LastUpgradeCheck = 0720;
				ORGANIZATIONNAME = "Israel Soto";
				TargetAttributes = {
					7E37BD2A1C8B497000F62301 = {
						CreatedOnToolsVersion = 7.2;
					};
				};
			};
			buildConfigurationList = 7E37BD261C8B497000F62301 /* Build configuration list for PBXProject "SQLClientMac" */;
			compatibilityVersion = "Xcode 3.2";
			developmentRegion = English;
			hasScannedForEncodings = 0;
			knownRegions = (
				en,
				Base,
			);
			mainGroup = 7E37BD221C8B497000F62301;
			productRefGroup = 7E37BD2C1C8B497000F62301 /* Products */;
			projectDirPath = "";
			projectRoot = "";
			targets = (
				7E37BD2A1C8B497000F62301 /* SQLClientMac */,
			);
		};
/* End PBXProject section */

/* Begin PBXResourcesBuildPhase section */
		7E37BD291C8B497000F62301 /* Resources */ = {
			isa = PBXResourcesBuildPhase;
			buildActionMask = 2147483647;
			files = (
				7E37BD381C8B497000F62301 /* Assets.xcassets in Resources */,
				7E37BD3B1C8B497000F62301 /* Main.storyboard in Resources */,
			);
			runOnlyForDeploymentPostprocessing = 0;
		};
/* End PBXResourcesBuildPhase section */

/* Begin PBXSourcesBuildPhase section */
		7E37BD271C8B497000F62301 /* Sources */ = {
			isa = PBXSourcesBuildPhase;
			buildActionMask = 2147483647;
			files = (
				7E37BD361C8B497000F62301 /* ViewController.m in Sources */,
				7E37BD671C8BDE7F00F62301 /* SQLClient.m in Sources */,
				7E37BD331C8B497000F62301 /* main.m in Sources */,
				7E37BD301C8B497000F62301 /* AppDelegate.m in Sources */,
			);
			runOnlyForDeploymentPostprocessing = 0;
		};
/* End PBXSourcesBuildPhase section */

/* Begin PBXVariantGroup section */
		7E37BD391C8B497000F62301 /* Main.storyboard */ = {
			isa = PBXVariantGroup;
			children = (
				7E37BD3A1C8B497000F62301 /* Base */,
			);
			name = Main.storyboard;
			sourceTree = "<group>";
		};
/* End PBXVariantGroup section */

/* Begin XCBuildConfiguration section */
		7E37BD3D1C8B497000F62301 /* Debug */ = {
			isa = XCBuildConfiguration;
			buildSettings = {
				ALWAYS_SEARCH_USER_PATHS = NO;
				CLANG_CXX_LANGUAGE_STANDARD = "gnu++0x";
				CLANG_CXX_LIBRARY = "libc++";
				CLANG_ENABLE_MODULES = YES;
				CLANG_ENABLE_OBJC_ARC = YES;
				CLANG_WARN_BOOL_CONVERSION = YES;
				CLANG_WARN_CONSTANT_CONVERSION = YES;
				CLANG_WARN_DIRECT_OBJC_ISA_USAGE = YES_ERROR;
				CLANG_WARN_EMPTY_BODY = YES;
				CLANG_WARN_ENUM_CONVERSION = YES;
				CLANG_WARN_INT_CONVERSION = YES;
				CLANG_WARN_OBJC_ROOT_CLASS = YES_ERROR;
				CLANG_WARN_UNREACHABLE_CODE = YES;
				CLANG_WARN__DUPLICATE_METHOD_MATCH = YES;
				CODE_SIGN_IDENTITY = "-";
				COPY_PHASE_STRIP = NO;
				DEBUG_INFORMATION_FORMAT = dwarf;
				ENABLE_STRICT_OBJC_MSGSEND = YES;
				ENABLE_TESTABILITY = YES;
				GCC_C_LANGUAGE_STANDARD = gnu99;
				GCC_DYNAMIC_NO_PIC = NO;
				GCC_NO_COMMON_BLOCKS = YES;
				GCC_OPTIMIZATION_LEVEL = 0;
				GCC_PREPROCESSOR_DEFINITIONS = (
					"DEBUG=1",
					"$(inherited)",
				);
				GCC_WARN_64_TO_32_BIT_CONVERSION = YES;
				GCC_WARN_ABOUT_RETURN_TYPE = YES_ERROR;
				GCC_WARN_UNDECLARED_SELECTOR = YES;
				GCC_WARN_UNINITIALIZED_AUTOS = YES_AGGRESSIVE;
				GCC_WARN_UNUSED_FUNCTION = YES;
				GCC_WARN_UNUSED_VARIABLE = YES;
				MACOSX_DEPLOYMENT_TARGET = 10.10;
				MTL_ENABLE_DEBUG_INFO = YES;
				ONLY_ACTIVE_ARCH = YES;
				SDKROOT = macosx;
			};
			name = Debug;
		};
		7E37BD3E1C8B497000F62301 /* Release */ = {
			isa = XCBuildConfiguration;
			buildSettings = {
				ALWAYS_SEARCH_USER_PATHS = NO;
				CLANG_CXX_LANGUAGE_STANDARD = "gnu++0x";
				CLANG_CXX_LIBRARY = "libc++";
				CLANG_ENABLE_MODULES = YES;
				CLANG_ENABLE_OBJC_ARC = YES;
				CLANG_WARN_BOOL_CONVERSION = YES;
				CLANG_WARN_CONSTANT_CONVERSION = YES;
				CLANG_WARN_DIRECT_OBJC_ISA_USAGE = YES_ERROR;
				CLANG_WARN_EMPTY_BODY = YES;
				CLANG_WARN_ENUM_CONVERSION = YES;
				CLANG_WARN_INT_CONVERSION = YES;
				CLANG_WARN_OBJC_ROOT_CLASS = YES_ERROR;
				CLANG_WARN_UNREACHABLE_CODE = YES;
				CLANG_WARN__DUPLICATE_METHOD_MATCH = YES;
				CODE_SIGN_IDENTITY = "-";
				COPY_PHASE_STRIP = NO;
				DEBUG_INFORMATION_FORMAT = "dwarf-with-dsym";
				ENABLE_NS_ASSERTIONS = NO;
				ENABLE_STRICT_OBJC_MSGSEND = YES;
				GCC_C_LANGUAGE_STANDARD = gnu99;
				GCC_NO_COMMON_BLOCKS = YES;
				GCC_WARN_64_TO_32_BIT_CONVERSION = YES;
				GCC_WARN_ABOUT_RETURN_TYPE = YES_ERROR;
				GCC_WARN_UNDECLARED_SELECTOR = YES;
				GCC_WARN_UNINITIALIZED_AUTOS = YES_AGGRESSIVE;
				GCC_WARN_UNUSED_FUNCTION = YES;
				GCC_WARN_UNUSED_VARIABLE = YES;
				MACOSX_DEPLOYMENT_TARGET = 10.10;
				MTL_ENABLE_DEBUG_INFO = NO;
				SDKROOT = macosx;
			};
			name = Release;
		};
		7E37BD401C8B497000F62301 /* Debug */ = {
			isa = XCBuildConfiguration;
			buildSettings = {
				ARCHS = "$(ARCHS_STANDARD)";
				ASSETCATALOG_COMPILER_APPICON_NAME = AppIcon;
				COMBINE_HIDPI_IMAGES = YES;
				INFOPLIST_FILE = SQLClientMac/Info.plist;
				LD_RUNPATH_SEARCH_PATHS = "$(inherited) @executable_path/../Frameworks";
				LIBRARY_SEARCH_PATHS = (
					"$(inherited)",
					"$(PROJECT_DIR)/SQLClientMac/SQLClient",
					"$(PROJECT_DIR)/SQLClientMac/SQLClientOSX",
				);
				PRODUCT_BUNDLE_IDENTIFIER = com.sotoighost.SQLClientMac;
				PRODUCT_NAME = "$(TARGET_NAME)";
			};
			name = Debug;
		};
		7E37BD411C8B497000F62301 /* Release */ = {
			isa = XCBuildConfiguration;
			buildSettings = {
				ARCHS = "$(ARCHS_STANDARD)";
				ASSETCATALOG_COMPILER_APPICON_NAME = AppIcon;
				COMBINE_HIDPI_IMAGES = YES;
				INFOPLIST_FILE = SQLClientMac/Info.plist;
				LD_RUNPATH_SEARCH_PATHS = "$(inherited) @executable_path/../Frameworks";
				LIBRARY_SEARCH_PATHS = (
					"$(inherited)",
					"$(PROJECT_DIR)/SQLClientMac/SQLClient",
					"$(PROJECT_DIR)/SQLClientMac/SQLClientOSX",
				);
				PRODUCT_BUNDLE_IDENTIFIER = com.sotoighost.SQLClientMac;
				PRODUCT_NAME = "$(TARGET_NAME)";
			};
			name = Release;
		};
/* End XCBuildConfiguration section */

/* Begin XCConfigurationList section */
		7E37BD261C8B497000F62301 /* Build configuration list for PBXProject "SQLClientMac" */ = {
			isa = XCConfigurationList;
			buildConfigurations = (
				7E37BD3D1C8B497000F62301 /* Debug */,
				7E37BD3E1C8B497000F62301 /* Release */,
			);
			defaultConfigurationIsVisible = 0;
			defaultConfigurationName = Release;
		};
		7E37BD3F1C8B497000F62301 /* Build configuration list for PBXNativeTarget "SQLClientMac" */ = {
			isa = XCConfigurationList;
			buildConfigurations = (
				7E37BD401C8B497000F62301 /* Debug */,
				7E37BD411C8B497000F62301 /* Release */,
			);
			defaultConfigurationIsVisible = 0;
			defaultConfigurationName = Release;
		};
/* End XCConfigurationList section */
	};
	rootObject = 7E37BD231C8B497000F62301 /* Project object */;
}
